
Microsoft Visual Studio Solution File, Format Version 12.00
# Visual Studio Version 16
VisualStudioVersion = 16.0.30225.117
MinimumVisualStudioVersion = 10.0.40219.1
Project("{FAE04EC0-301F-11D3-BF4B-00C04F79EFBC}") = "DZ_3_3", "DZ_3_3\DZ_3_3.csproj", "{E9B275B2-135E-49C5-B082-03F8AB24A64D}"
EndProject
Global
	GlobalSection(SolutionConfigurationPlatforms) = preSolution
		Debug|Any CPU = Debug|Any CPU
		Release|Any CPU = Release|Any CPU
	EndGlobalSection
	GlobalSection(ProjectConfigurationPlatforms) = postSolution
		{E9B275B2-135E-49C5-B082-03F8AB24A64D}.Debug|Any CPU.ActiveCfg = Debug|Any CPU
		{E9B275B2-135E-49C5-B082-03F8AB24A64D}.Debug|Any CPU.Build.0 = Debug|Any CPU
		{E9B275B2-135E-49C5-B082-03F8AB24A64D}.Release|Any CPU.ActiveCfg = Release|Any CPU
		{E9B275B2-135E-49C5-B082-03F8AB24A64D}.Release|Any CPU.Build.0 = Release|Any CPU
	EndGlobalSection
	GlobalSection(SolutionProperties) = preSolution
		HideSolutionNode = FALSE
	EndGlobalSection
	GlobalSection(ExtensibilityGlobals) = postSolution
		SolutionGuid = {586D8728-F773-46CE-A167-E9A3205E0E1A}
	EndGlobalSection
EndGlobal
